# This file is automatically @generated by Cargo.
# It is not intended for manual editing.
version = 3

[[package]]
name = "libc"
version = "0.2.117"
source = "registry+https://github.com/rust-lang/crates.io-index"
checksum = "e74d72e0f9b65b5b4ca49a346af3976df0f9c61d550727f349ecd559f251a26c"

[[package]]
name = "libc-print"
version = "0.1.17"
source = "registry+https://github.com/rust-lang/crates.io-index"
checksum = "9ec0dfb72e36860b083690d6fa77bed63c99dcf0c897c893ec828ba4687380aa"
dependencies = [
 "libc",
]

[[package]]
name = "r3malloc"
version = "0.1.0"
dependencies = [
 "libc",
 "libc-print",
]
